lockfileVersion: '9.0'

settings:
  autoInstallPeers: true
  excludeLinksFromLockfile: false

importers:

  .:
    dependencies:
      remeda:
        specifier: ^2.27.2
        version: 2.31.1
    devDependencies:
      '@types/node':
        specifier: ^24.4.0
        version: 24.4.0
      typescript:
        specifier: ^5.8.2
        version: 5.9.2

packages:

  '@types/node@24.4.0':
    resolution: {integrity: sha512-gUuVEAK4/u6F9wRLznPUU4WGUacSEBDPoC2TrBkw3GAnOLHBL45QdfHOXp1kJ4ypBGLxTOB+t7NJLpKoC3gznQ==}

  remeda@2.31.1:
    resolution: {integrity: sha512-FRZefcuXbmCoYt8hAITAzW4t8i/RERaGk/+GtRN90eV3NHxsnRKCDIOJVrwrQ6zz77TG/Xyi9mGRfiJWT7DK1g==}

  type-fest@4.41.0:
    resolution: {integrity: sha512-TeTSQ6H5YHvpqVwBRcnLDCBnDOHWYu7IvGbHT6N8AOymcr9PJGjc1GTtiWZTYg0NCgYwvnYWEkVChQAr9bjfwA==}
    engines: {node: '>=16'}

  typescript@5.9.2:
    resolution: {integrity: sha512-CWBzXQrc/qOkhidw1OzBTQuYRbfyxDXJMVJ1XNwUHGROVmuaeiEm3OslpZ1RV96d7SKKjZKrSJu3+t/xlw3R9A==}
    engines: {node: '>=14.17'}
    hasBin: true

  undici-types@7.11.0:
    resolution: {integrity: sha512-kt1ZriHTi7MU+Z/r9DOdAI3ONdaR3M3csEaRc6ewa4f4dTvX4cQCbJ4NkEn0ohE4hHtq85+PhPSTY+pO/1PwgA==}

snapshots:

  '@types/node@24.4.0':
    dependencies:
      undici-types: 7.11.0

  remeda@2.31.1:
    dependencies:
      type-fest: 4.41.0

  type-fest@4.41.0: {}

  typescript@5.9.2: {}

  undici-types@7.11.0: {}
